// !$*UTF8*$!
{
	archiveVersion = 1;
	classes = {
	};
	objectVersion = 46;
	objects = {

/* Begin PBXBuildFile section */
		308DBC621F5C26BC005B49A7 /* AppDelegate.swift in Sources */ = {isa = PBXBuildFile; fileRef = 308DBC611F5C26BC005B49A7 /* AppDelegate.swift */; };
		308DBC641F5C26BC005B49A7 /* ViewController.swift in Sources */ = {isa = PBXBuildFile; fileRef = 308DBC631F5C26BC005B49A7 /* ViewController.swift */; };
		308DBC671F5C26BC005B49A7 /* Main.storyboard in Resources */ = {isa = PBXBuildFile; fileRef = 308DBC651F5C26BC005B49A7 /* Main.storyboard */; };
		308DBC691F5C26BD005B49A7 /* Assets.xcassets in Resources */ = {isa = PBXBuildFile; fileRef = 308DBC681F5C26BD005B49A7 /* Assets.xcassets */; };
		308DBC6C1F5C26BD005B49A7 /* LaunchScreen.storyboard in Resources */ = {isa = PBXBuildFile; fileRef = 308DBC6A1F5C26BD005B49A7 /* LaunchScreen.storyboard */; };
		308DBC741F5C2BD7005B49A7 /* ProductCell.swift in Sources */ = {isa = PBXBuildFile; fileRef = 308DBC731F5C2BD7005B49A7 /* ProductCell.swift */; };
/* End PBXBuildFile section */

/* Begin PBXFileReference section */
		308DBC5E1F5C26BC005B49A7 /* FlyToCart.app */ = {isa = PBXFileReference; explicitFileType = wrapper.application; includeInIndex = 0; path = FlyToCart.app; sourceTree = BUILT_PRODUCTS_DIR; };
		308DBC611F5C26BC005B49A7 /* AppDelegate.swift */ = {isa = PBXFileReference; lastKnownFileType = sourcecode.swift; path = AppDelegate.swift; sourceTree = "<group>"; };
		308DBC631F5C26BC005B49A7 /* ViewController.swift */ = {isa = PBXFileReference; lastKnownFileType = sourcecode.swift; path = ViewController.swift; sourceTree = "<group>"; };
		308DBC661F5C26BC005B49A7 /* Base */ = {isa = PBXFileReference; lastKnownFileType = file.storyboard; name = Base; path = Base.lproj/Main.storyboard; sourceTree = "<group>"; };
		308DBC681F5C26BD005B49A7 /* Assets.xcassets */ = {isa = PBXFileReference; lastKnownFileType = folder.assetcatalog; path = Assets.xcassets; sourceTree = "<group>"; };
		308DBC6B1F5C26BD005B49A7 /* Base */ = {isa = PBXFileReference; lastKnownFileType = file.storyboard; name = Base; path = Base.lproj/LaunchScreen.storyboard; sourceTree = "<group>"; };
		308DBC6D1F5C26BD005B49A7 /* Info.plist */ = {isa = PBXFileReference; lastKnownFileType = text.plist.xml; path = Info.plist; sourceTree = "<group>"; };
		308DBC731F5C2BD7005B49A7 /* ProductCell.swift */ = {isa = PBXFileReference; fileEncoding = 4; lastKnownFileType = sourcecode.swift; path = ProductCell.swift; sourceTree = "<group>"; };
/* End PBXFileReference section */

/* Begin PBXFrameworksBuildPhase section */
		308DBC5B1F5C26BC005B49A7 /* Frameworks */ = {
			isa = PBXFrameworksBuildPhase;
			buildActionMask = 2147483647;
			files = (
			);
			runOnlyForDeploymentPostprocessing = 0;
		};
/* End PBXFrameworksBuildPhase section */

/* Begin PBXGroup section */
		308DBC551F5C26BC005B49A7 = {
			isa = PBXGroup;
			children = (
				308DBC601F5C26BC005B49A7 /* FlyToCart */,
				308DBC5F1F5C26BC005B49A7 /* Products */,
			);
			sourceTree = "<group>";
		};
		308DBC5F1F5C26BC005B49A7 /* Products */ = {
			isa = PBXGroup;
			children = (
				308DBC5E1F5C26BC005B49A7 /* FlyToCart.app */,
			);
			name = Products;
			sourceTree = "<group>";
		};
		308DBC601F5C26BC005B49A7 /* FlyToCart */ = {
			isa = PBXGroup;
			children = (
				308DBC611F5C26BC005B49A7 /* AppDelegate.swift */,
				308DBC631F5C26BC005B49A7 /* ViewController.swift */,
				308DBC651F5C26BC005B49A7 /* Main.storyboard */,
				308DBC681F5C26BD005B49A7 /* Assets.xcassets */,
				308DBC6A1F5C26BD005B49A7 /* LaunchScreen.storyboard */,
				308DBC6D1F5C26BD005B49A7 /* Info.plist */,
				308DBC731F5C2BD7005B49A7 /* ProductCell.swift */,
			);
			path = FlyToCart;
			sourceTree = "<group>";
		};
/* End PBXGroup section */

/* Begin PBXNativeTarget section */
		308DBC5D1F5C26BC005B49A7 /* FlyToCart */ = {
			isa = PBXNativeTarget;
			buildConfigurationList = 308DBC701F5C26BD005B49A7 /* Build configuration list for PBXNativeTarget "FlyToCart" */;
			buildPhases = (
				308DBC5A1F5C26BC005B49A7 /* Sources */,
				308DBC5B1F5C26BC005B49A7 /* Frameworks */,
				308DBC5C1F5C26BC005B49A7 /* Resources */,
			);
			buildRules = (
			);
			dependencies = (
			);
			name = FlyToCart;
			productName = FlyToCart;
			productReference = 308DBC5E1F5C26BC005B49A7 /* FlyToCart.app */;
			productType = "com.apple.product-type.application";
		};
/* End PBXNativeTarget section */

/* Begin PBXProject section */
		308DBC561F5C26BC005B49A7 /* Project object */ = {
			isa = PBXProject;
			attributes = {
				LastSwiftUpdateCheck = 0830;
				LastUpgradeCheck = 0830;
				ORGANIZATIONNAME = "Pratik Lad";
				TargetAttributes = {
					308DBC5D1F5C26BC005B49A7 = {
						CreatedOnToolsVersion = 8.3.3;
						ProvisioningStyle = Automatic;
					};
				};
			};
			buildConfigurationList = 308DBC591F5C26BC005B49A7 /* Build configuration list for PBXProject "FlyToCart" */;
			compatibilityVersion = "Xcode 3.2";
			developmentRegion = English;
			hasScannedForEncodings = 0;
			knownRegions = (
				en,
				Base,
			);
			mainGroup = 308DBC551F5C26BC005B49A7;
			productRefGroup = 308DBC5F1F5C26BC005B49A7 /* Products */;
			projectDirPath = "";
			projectRoot = "";
			targets = (
				308DBC5D1F5C26BC005B49A7 /* FlyToCart */,
			);
		};
/* End PBXProject section */

/* Begin PBXResourcesBuildPhase section */
		308DBC5C1F5C26BC005B49A7 /* Resources */ = {
			isa = PBXResourcesBuildPhase;
			buildActionMask = 2147483647;
			files = (
				308DBC6C1F5C26BD005B49A7 /* LaunchScreen.storyboard in Resources */,
				308DBC691F5C26BD005B49A7 /* Assets.xcassets in Resources */,
				308DBC671F5C26BC005B49A7 /* Main.storyboard in Resources */,
			);
			runOnlyForDeploymentPostprocessing = 0;
		};
/* End PBXResourcesBuildPhase section */

/* Begin PBXSourcesBuildPhase section */
		308DBC5A1F5C26BC005B49A7 /* Sources */ = {
			isa = PBXSourcesBuildPhase;
			buildActionMask = 2147483647;
			files = (
				308DBC741F5C2BD7005B49A7 /* ProductCell.swift in Sources */,
				308DBC641F5C26BC005B49A7 /* ViewController.swift in Sources */,
				308DBC621F5C26BC005B49A7 /* AppDelegate.swift in Sources */,
			);
			runOnlyForDeploymentPostprocessing = 0;
		};
/* End PBXSourcesBuildPhase section */

/* Begin PBXVariantGroup section */
		308DBC651F5C26BC005B49A7 /* Main.storyboard */ = {
			isa = PBXVariantGroup;
			children = (
				308DBC661F5C26BC005B49A7 /* Base */,
			);
			name = Main.storyboard;
			sourceTree = "<group>";
		};
		308DBC6A1F5C26BD005B49A7 /* LaunchScreen.storyboard */ = {
			isa = PBXVariantGroup;
			children = (
				308DBC6B1F5C26BD005B49A7 /* Base */,
			);
			name = LaunchScreen.storyboard;
			sourceTree = "<group>";
		};
/* End PBXVariantGroup section */

/* Begin XCBuildConfiguration section */
		308DBC6E1F5C26BD005B49A7 /* Debug */ = {
			isa = XCBuildConfiguration;
			buildSettings = {
				ALWAYS_SEARCH_USER_PATHS = NO;
				CLANG_ANALYZER_NONNULL = YES;
				CLANG_ANALYZER_NUMBER_OBJECT_CONVERSION = YES_AGGRESSIVE;
				CLANG_CXX_LANGUAGE_STANDARD = "gnu++0x";
				CLANG_CXX_LIBRARY = "libc++";
				CLANG_ENABLE_MODULES = YES;
				CLANG_ENABLE_OBJC_ARC = YES;
				CLANG_WARN_BOOL_CONVERSION = YES;
				CLANG_WARN_CONSTANT_CONVERSION = YES;
				CLANG_WARN_DIRECT_OBJC_ISA_USAGE = YES_ERROR;
				CLANG_WARN_DOCUMENTATION_COMMENTS = YES;
				CLANG_WARN_EMPTY_BODY = YES;
				CLANG_WARN_ENUM_CONVERSION = YES;
				CLANG_WARN_INFINITE_RECURSION = YES;
				CLANG_WARN_INT_CONVERSION = YES;
				CLANG_WARN_OBJC_ROOT_CLASS = YES_ERROR;
				CLANG_WARN_SUSPICIOUS_MOVE = YES;
				CLANG_WARN_UNREACHABLE_CODE = YES;
				CLANG_WARN__DUPLICATE_METHOD_MATCH = YES;
				"CODE_SIGN_IDENTITY[sdk=iphoneos*]" = "iPhone Developer";
				COPY_PHASE_STRIP = NO;
				DEBUG_INFORMATION_FORMAT = dwarf;
				ENABLE_STRICT_OBJC_MSGSEND = YES;
				ENABLE_TESTABILITY = YES;
				GCC_C_LANGUAGE_STANDARD = gnu99;
				GCC_DYNAMIC_NO_PIC = NO;
				GCC_NO_COMMON_BLOCKS = YES;
				GCC_OPTIMIZATION_LEVEL = 0;
				GCC_PREPROCESSOR_DEFINITIONS = (
					"DEBUG=1",
					"$(inherited)",
				);
				GCC_WARN_64_TO_32_BIT_CONVERSION = YES;
				GCC_WARN_ABOUT_RETURN_TYPE = YES_ERROR;
				GCC_WARN_UNDECLARED_SELECTOR = YES;
				GCC_WARN_UNINITIALIZED_AUTOS = YES_AGGRESSIVE;
				GCC_WARN_UNUSED_FUNCTION = YES;
				GCC_WARN_UNUSED_VARIABLE = YES;
				IPHONEOS_DEPLOYMENT_TARGET = 10.3;
				MTL_ENABLE_DEBUG_INFO = YES;
				ONLY_ACTIVE_ARCH = YES;
				SDKROOT = iphoneos;
				SWIFT_ACTIVE_COMPILATION_CONDITIONS = DEBUG;
				SWIFT_OPTIMIZATION_LEVEL = "-Onone";
			};
			name = Debug;
		};
		308DBC6F1F5C26BD005B49A7 /* Release */ = {
			isa = XCBuildConfiguration;
			buildSettings = {
				ALWAYS_SEARCH_USER_PATHS = NO;
				CLANG_ANALYZER_NONNULL = YES;
				CLANG_ANALYZER_NUMBER_OBJECT_CONVERSION = YES_AGGRESSIVE;
				CLANG_CXX_LANGUAGE_STANDARD = "gnu++0x";
				CLANG_CXX_LIBRARY = "libc++";
				CLANG_ENABLE_MODULES = YES;
				CLANG_ENABLE_OBJC_ARC = YES;
				CLANG_WARN_BOOL_CONVERSION = YES;
				CLANG_WARN_CONSTANT_CONVERSION = YES;
				CLANG_WARN_DIRECT_OBJC_ISA_USAGE = YES_ERROR;
				CLANG_WARN_DOCUMENTATION_COMMENTS = YES;
				CLANG_WARN_EMPTY_BODY = YES;
				CLANG_WARN_ENUM_CONVERSION = YES;
				CLANG_WARN_INFINITE_RECURSION = YES;
				CLANG_WARN_INT_CONVERSION = YES;
				CLANG_WARN_OBJC_ROOT_CLASS = YES_ERROR;
				CLANG_WARN_SUSPICIOUS_MOVE = YES;
				CLANG_WARN_UNREACHABLE_CODE = YES;
				CLANG_WARN__DUPLICATE_METHOD_MATCH = YES;
				"CODE_SIGN_IDENTITY[sdk=iphoneos*]" = "iPhone Developer";
				COPY_PHASE_STRIP = NO;
				DEBUG_INFORMATION_FORMAT = "dwarf-with-dsym";
				ENABLE_NS_ASSERTIONS = NO;
				ENABLE_STRICT_OBJC_MSGSEND = YES;
				GCC_C_LANGUAGE_STANDARD = gnu99;
				GCC_NO_COMMON_BLOCKS = YES;
				GCC_WARN_64_TO_32_BIT_CONVERSION = YES;
				GCC_WARN_ABOUT_RETURN_TYPE = YES_ERROR;
				GCC_WARN_UNDECLARED_SELECTOR = YES;
				GCC_WARN_UNINITIALIZED_AUTOS = YES_AGGRESSIVE;
				GCC_WARN_UNUSED_FUNCTION = YES;
				GCC_WARN_UNUSED_VARIABLE = YES;
				IPHONEOS_DEPLOYMENT_TARGET = 10.3;
				MTL_ENABLE_DEBUG_INFO = NO;
				SDKROOT = iphoneos;
				SWIFT_OPTIMIZATION_LEVEL = "-Owholemodule";
				VALIDATE_PRODUCT = YES;
			};
			name = Release;
		};
		308DBC711F5C26BD005B49A7 /* Debug */ = {
			isa = XCBuildConfiguration;
			buildSettings = {
				ASSETCATALOG_COMPILER_APPICON_NAME = AppIcon;
				INFOPLIST_FILE = FlyToCart/Info.plist;
				IPHONEOS_DEPLOYMENT_TARGET = 8.0;
				LD_RUNPATH_SEARCH_PATHS = "$(inherited) @executable_path/Frameworks";
				PRODUCT_BUNDLE_IDENTIFIER = com.pratik.FlyToCart;
				PRODUCT_NAME = "$(TARGET_NAME)";
				SWIFT_VERSION = 3.0;
			};
			name = Debug;
		};
		308DBC721F5C26BD005B49A7 /* Release */ = {
			isa = XCBuildConfiguration;
			buildSettings = {
				ASSETCATALOG_COMPILER_APPICON_NAME = AppIcon;
				INFOPLIST_FILE = FlyToCart/Info.plist;
				IPHONEOS_DEPLOYMENT_TARGET = 8.0;
				LD_RUNPATH_SEARCH_PATHS = "$(inherited) @executable_path/Frameworks";
				PRODUCT_BUNDLE_IDENTIFIER = com.pratik.FlyToCart;
				PRODUCT_NAME = "$(TARGET_NAME)";
				SWIFT_VERSION = 3.0;
			};
			name = Release;
		};
/* End XCBuildConfiguration section */

/* Begin XCConfigurationList section */
		308DBC591F5C26BC005B49A7 /* Build configuration list for PBXProject "FlyToCart" */ = {
			isa = XCConfigurationList;
			buildConfigurations = (
				308DBC6E1F5C26BD005B49A7 /* Debug */,
				308DBC6F1F5C26BD005B49A7 /* Release */,
			);
			defaultConfigurationIsVisible = 0;
			defaultConfigurationName = Release;
		};
		308DBC701F5C26BD005B49A7 /* Build configuration list for PBXNativeTarget "FlyToCart" */ = {
			isa = XCConfigurationList;
			buildConfigurations = (
				308DBC711F5C26BD005B49A7 /* Debug */,
				308DBC721F5C26BD005B49A7 /* Release */,
			);
			defaultConfigurationIsVisible = 0;
		};
/* End XCConfigurationList section */
	};
	rootObject = 308DBC561F5C26BC005B49A7 /* Project object */;
}
